{
  "name": "mediastreamblender",
  "version": "1.1.0-beta.0",
  "lockfileVersion": 1,
  "requires": true,
  "dependencies": {
    "intrinsic-scale": {
      "version": "3.0.4",
      "resolved": "https://registry.npmjs.org/intrinsic-scale/-/intrinsic-scale-3.0.4.tgz",
      "integrity": "sha512-K9+8JfjKhu4cl3kLBHrHW/RnAQFlyyOBV+zoSyzUM+vXz11ypaN+adk5PtI1pvMAuQN1zKnQ+lu9g7kDs/3hHw=="
    }
  }
}
