{
  "name": "mediastreamblender",
  "version": "1.0.0-beta.4",
  "lockfileVersion": 1,
  "requires": true,
  "dependencies": {
    "@types/webrtc": {
      "version": "0.0.26",
      "resolved": "https://registry.npmjs.org/@types/webrtc/-/webrtc-0.0.26.tgz",
      "integrity": "sha512-hTDoPKPYbgcogZA9eqhihPO+HnUs5BNPfnoOyc9bzcuq56eYV28zwJ+3tortPN0uXgmDvNs3f1JaT4oTbtWxqg==",
      "dev": true
    },
    "ffmpeg.js": {
      "version": "4.2.9003",
      "resolved": "https://registry.npmjs.org/ffmpeg.js/-/ffmpeg.js-4.2.9003.tgz",
      "integrity": "sha512-l1JBr8HwnnJEaSwg5p8K3Ifbom8O2IDHsZp7UVyr6MzQ7gc32tt/2apoOuQAr/j76c+uDOjla799VSsBnRvSTg=="
    },
    "thor-io.client-vnext": {
      "version": "2.0.3-beta.5",
      "resolved": "https://registry.npmjs.org/thor-io.client-vnext/-/thor-io.client-vnext-2.0.3-beta.5.tgz",
      "integrity": "sha512-p9MNLthzEKrebeM6WvZw9e8XN7juI69DDbHfbtBfQPICu4XPORQx1uGgxp9aXdDkzGMKDkPRlU6ea/2kkFzY2A==",
      "dev": true,
      "requires": {
        "@types/webrtc": "0.0.26"
      }
    }
  }
}
