{
  "requires": true,
  "lockfileVersion": 1,
  "dependencies": {
    "rtcpeerconnection-shim": {
      "version": "1.2.15",
      "resolved": "https://registry.npmjs.org/rtcpeerconnection-shim/-/rtcpeerconnection-shim-1.2.15.tgz",
      "integrity": "sha512-C6DxhXt7bssQ1nHb154lqeL0SXz5Dx4RczXZu2Aa/L1NJFnEVDxFwCBo3fqtuljhHIGceg5JKBV4XJ0gW5JKyw==",
      "requires": {
        "sdp": "2.12.0"
      }
    },
    "sdp": {
      "version": "2.12.0",
      "resolved": "https://registry.npmjs.org/sdp/-/sdp-2.12.0.tgz",
      "integrity": "sha512-jhXqQAQVM+8Xj5EjJGVweuEzgtGWb3tmEEpl3CLP3cStInSbVHSg0QWOGQzNq8pSID4JkpeV2mPqlMDLrm0/Vw=="
    },
    "webrtc-adapter": {
      "version": "7.5.1",
      "resolved": "https://registry.npmjs.org/webrtc-adapter/-/webrtc-adapter-7.5.1.tgz",
      "integrity": "sha512-R5LkIR/APjODkstSXFOztOmINXQ0nqIGfUoKTtCzjyiDXHNgwhkqZ9vi8UzGyjfUBibuZ0ZzVyV10qtuLGW3CQ==",
      "requires": {
        "rtcpeerconnection-shim": "1.2.15",
        "sdp": "2.12.0"
      }
    }
  }
}
